
Microsoft Visual Studio Solution File, Format Version 12.00
# Visual Studio Version 18
VisualStudioVersion = 18.1.11312.151 d18.0
MinimumVisualStudioVersion = 10.0.40219.1
Project("{FAE04EC0-301F-11D3-BF4B-00C04F79EFBC}") = "YSDL.WPF", "YSDL.WPF.csproj", "{34E16A3B-620C-4FFE-994E-8BAEAC9B29CF}"
EndProject
Project("{FAE04EC0-301F-11D3-BF4B-00C04F79EFBC}") = "YSDL", "..\YSDL\YSDL.csproj", "{C2C52830-3FFA-4656-97A2-5CC0D0D50F61}"
EndProject
Project("{FAE04EC0-301F-11D3-BF4B-00C04F79EFBC}") = "YSDL.Start", "..\YSDL.Start\YSDL.Start.csproj", "{43C951B2-57D2-48B2-BE2F-2D1306F8CA44}"
EndProject
Project("{FAE04EC0-301F-11D3-BF4B-00C04F79EFBC}") = "Yuanji.core", "..\Yuanji.core\Yuanji.core.csproj", "{3D42961C-11D3-9953-70C3-23E54150FEC6}"
EndProject
Project("{FAE04EC0-301F-11D3-BF4B-00C04F79EFBC}") = "Yuanji.Manage", "..\Yuanji.Manage\Yuanji.Manage.csproj", "{DDBC01F9-F4B3-45C2-A268-D5DDF82C7868}"
EndProject
Project("{FAE04EC0-301F-11D3-BF4B-00C04F79EFBC}") = "YS.Yuanji.Start", "..\YS.Yuanji.Start\YS.Yuanji.Start.csproj", "{23ED4DE2-6F76-43F9-BF15-075FC6A8C9DB}"
EndProject
Project("{FAE04EC0-301F-11D3-BF4B-00C04F79EFBC}") = "YSupgrade", "..\..\..\..\..\Projects\YSupgrade\YSupgrade.csproj", "{4D915392-48DE-09AA-6EEB-CBEBE6FC48C8}"
EndProject
Project("{FAE04EC0-301F-11D3-BF4B-00C04F79EFBC}") = "MqttClientApp", "..\..\..\..\..\Projects\MqttClientApp\MqttClientApp.csproj", "{6CC5CD79-1620-6290-CF83-A32246055475}"
EndProject
Project("{FAE04EC0-301F-11D3-BF4B-00C04F79EFBC}") = "YS.Yuanji.WPF", "..\YS.Yuanji.WPF\YS.Yuanji.WPF.csproj", "{5E6FFE50-3C35-4DD5-8A50-BA1F805B2C81}"
EndProject
Project("{FAE04EC0-301F-11D3-BF4B-00C04F79EFBC}") = "YS.Yuanji.Start.Service", "..\YS.Yuanji.Start.Service\YS.Yuanji.Start.Service.csproj", "{0856742A-A676-423D-A4B0-39C0B834B4A5}"
EndProject
Project("{2150E333-8FDC-42A3-9474-1A3956D46DE8}") = "非标准协议", "非标准协议", "{02EA681E-C7D8-13C7-8484-4AC65E1B71E8}"
EndProject
Project("{2150E333-8FDC-42A3-9474-1A3956D46DE8}") = "标准协议", "标准协议", "{ED1B4A12-3821-4623-8E26-216E281AAE81}"
EndProject
Project("{FAE04EC0-301F-11D3-BF4B-00C04F79EFBC}") = "MainForm", "..\..\09-原机数据采集-标准协议\MainForm\MainForm.csproj", "{25D91197-9350-9032-A39B-6FB9D382DF00}"
EndProject
Project("{FAE04EC0-301F-11D3-BF4B-00C04F79EFBC}") = "YSAI.BeffAds", "..\..\09-原机数据采集-标准协议\YSAI.BeffAds\YSAI.BeffAds.csproj", "{D29C8911-6940-F365-E021-6C94021F945D}"
EndProject
Project("{FAE04EC0-301F-11D3-BF4B-00C04F79EFBC}") = "YSAI.Core", "..\..\09-原机数据采集-标准协议\YSAI.Core\YSAI.Core.csproj", "{5B9C4492-F7B4-9316-3967-3F3794CCA531}"
EndProject
Project("{FAE04EC0-301F-11D3-BF4B-00C04F79EFBC}") = "YSAI.Driver", "..\..\09-原机数据采集-标准协议\YSAI.Driver\YSAI.Driver.csproj", "{38CBEE30-6325-D357-CB18-767013451394}"
EndProject
Project("{FAE04EC0-301F-11D3-BF4B-00C04F79EFBC}") = "YSAI.Log", "..\..\09-原机数据采集-标准协议\YSAI.Log\YSAI.Log.csproj", "{A913A703-7A06-782F-8048-BCFF8DF6BE59}"
EndProject
Project("{FAE04EC0-301F-11D3-BF4B-00C04F79EFBC}") = "YSAI.Model", "..\..\09-原机数据采集-标准协议\YSAI.Model\YSAI.Model.csproj", "{F8CA13B5-FF6C-D828-C07C-257D0629C540}"
EndProject
Project("{FAE04EC0-301F-11D3-BF4B-00C04F79EFBC}") = "YSAI.Omron", "..\..\09-原机数据采集-标准协议\YSAI.Omron\YSAI.Omron.csproj", "{AB058F58-F541-8466-EA0E-059803C6AB13}"
EndProject
Project("{FAE04EC0-301F-11D3-BF4B-00C04F79EFBC}") = "YSAI.Opc", "..\..\09-原机数据采集-标准协议\YSAI.Opc\YSAI.Opc.csproj", "{4DA31389-5488-4EB0-916A-F93FCA815C70}"
EndProject
Project("{FAE04EC0-301F-11D3-BF4B-00C04F79EFBC}") = "YSAI.Siemens", "..\..\09-原机数据采集-标准协议\YSAI.Siemens\YSAI.Siemens.csproj", "{98822BBB-287E-14B6-588C-465E5103D3AE}"
EndProject
Project("{FAE04EC0-301F-11D3-BF4B-00C04F79EFBC}") = "YSAI.Start", "..\..\09-原机数据采集-标准协议\YSAI.Start\YSAI.Start.csproj", "{AE0930BF-29F9-1141-7FB1-2F4AA2CA6482}"
EndProject
Project("{FAE04EC0-301F-11D3-BF4B-00C04F79EFBC}") = "YSAI.Unility", "..\..\09-原机数据采集-标准协议\YSAI.Unility\YSAI.Unility.csproj", "{D205D41C-D4D0-40A6-E640-976C521551EE}"
EndProject
Project("{FAE04EC0-301F-11D3-BF4B-00C04F79EFBC}") = "YS.DataBase.Oracle", "..\YS.DataBase.Oracle\YS.DataBase.Oracle.csproj", "{1D1B0D5B-DA7C-4D54-9722-AEF63D1D10FB}"
EndProject
Project("{FAE04EC0-301F-11D3-BF4B-00C04F79EFBC}") = "YS.Yuanji.Drive", "..\YS.Yuanji.Drive\YS.Yuanji.Drive.csproj", "{BD48EF85-72CB-4800-8F77-43496E9E5687}"
EndProject
Project("{FAE04EC0-301F-11D3-BF4B-00C04F79EFBC}") = "YS.Yuanji.Mqtt", "..\YS.Yuanji.Mqtt\YS.Yuanji.Mqtt.csproj", "{862C4111-E640-4B78-A962-DC09FAC4F67E}"
EndProject
Project("{FAE04EC0-301F-11D3-BF4B-00C04F79EFBC}") = "YS.Yuanji.Log", "..\YS.Yuanji.Log\YS.Yuanji.Log.csproj", "{96B7FB52-78E0-4465-A50F-5B8E42EE1BC9}"
EndProject
Project("{FAE04EC0-301F-11D3-BF4B-00C04F79EFBC}") = "YS.Yuanji.Commom", "..\YS.Yuanji.Commom\YS.Yuanji.Commom.csproj", "{A6989DF8-D634-48A5-99DF-9640A8620022}"
EndProject
Project("{FAE04EC0-301F-11D3-BF4B-00C04F79EFBC}") = "YS.PLC.BeckHoff", "..\YS.PLC.BeckHoff\YS.PLC.BeckHoff.csproj", "{7B303DF8-99F1-4EF8-A9BC-2C4D714D7442}"
EndProject
Project("{FAE04EC0-301F-11D3-BF4B-00C04F79EFBC}") = "YS.PLC.ModbusServer", "..\YS.PLC.ModbusServer\YS.PLC.ModbusServer.csproj", "{D6129179-4BD9-4DBF-989D-2758950C4C9D}"
EndProject
Project("{FAE04EC0-301F-11D3-BF4B-00C04F79EFBC}") = "YS.ShareFile.Picture", "..\YS.ShareFile.Picture\YS.ShareFile.Picture.csproj", "{34F2F3CA-59C1-47CC-9D79-E97B06292985}"
EndProject
Global
	GlobalSection(SolutionConfigurationPlatforms) = preSolution
		Debug|Any CPU = Debug|Any CPU
		Release|Any CPU = Release|Any CPU
	EndGlobalSection
	GlobalSection(ProjectConfigurationPlatforms) = postSolution
		{34E16A3B-620C-4FFE-994E-8BAEAC9B29CF}.Debug|Any CPU.ActiveCfg = Debug|Any CPU
		{34E16A3B-620C-4FFE-994E-8BAEAC9B29CF}.Debug|Any CPU.Build.0 = Debug|Any CPU
		{34E16A3B-620C-4FFE-994E-8BAEAC9B29CF}.Release|Any CPU.ActiveCfg = Release|Any CPU
		{34E16A3B-620C-4FFE-994E-8BAEAC9B29CF}.Release|Any CPU.Build.0 = Release|Any CPU
		{C2C52830-3FFA-4656-97A2-5CC0D0D50F61}.Debug|Any CPU.ActiveCfg = Debug|Any CPU
		{C2C52830-3FFA-4656-97A2-5CC0D0D50F61}.Debug|Any CPU.Build.0 = Debug|Any CPU
		{C2C52830-3FFA-4656-97A2-5CC0D0D50F61}.Release|Any CPU.ActiveCfg = Release|Any CPU
		{C2C52830-3FFA-4656-97A2-5CC0D0D50F61}.Release|Any CPU.Build.0 = Release|Any CPU
		{43C951B2-57D2-48B2-BE2F-2D1306F8CA44}.Debug|Any CPU.ActiveCfg = Debug|Any CPU
		{43C951B2-57D2-48B2-BE2F-2D1306F8CA44}.Debug|Any CPU.Build.0 = Debug|Any CPU
		{43C951B2-57D2-48B2-BE2F-2D1306F8CA44}.Release|Any CPU.ActiveCfg = Release|Any CPU
		{43C951B2-57D2-48B2-BE2F-2D1306F8CA44}.Release|Any CPU.Build.0 = Release|Any CPU
		{3D42961C-11D3-9953-70C3-23E54150FEC6}.Debug|Any CPU.ActiveCfg = Debug|Any CPU
		{3D42961C-11D3-9953-70C3-23E54150FEC6}.Debug|Any CPU.Build.0 = Debug|Any CPU
		{3D42961C-11D3-9953-70C3-23E54150FEC6}.Release|Any CPU.ActiveCfg = Release|Any CPU
		{3D42961C-11D3-9953-70C3-23E54150FEC6}.Release|Any CPU.Build.0 = Release|Any CPU
		{DDBC01F9-F4B3-45C2-A268-D5DDF82C7868}.Debug|Any CPU.ActiveCfg = Debug|Any CPU
		{DDBC01F9-F4B3-45C2-A268-D5DDF82C7868}.Debug|Any CPU.Build.0 = Debug|Any CPU
		{DDBC01F9-F4B3-45C2-A268-D5DDF82C7868}.Release|Any CPU.ActiveCfg = Release|Any CPU
		{DDBC01F9-F4B3-45C2-A268-D5DDF82C7868}.Release|Any CPU.Build.0 = Release|Any CPU
		{23ED4DE2-6F76-43F9-BF15-075FC6A8C9DB}.Debug|Any CPU.ActiveCfg = Debug|Any CPU
		{23ED4DE2-6F76-43F9-BF15-075FC6A8C9DB}.Debug|Any CPU.Build.0 = Debug|Any CPU
		{23ED4DE2-6F76-43F9-BF15-075FC6A8C9DB}.Release|Any CPU.ActiveCfg = Release|Any CPU
		{23ED4DE2-6F76-43F9-BF15-075FC6A8C9DB}.Release|Any CPU.Build.0 = Release|Any CPU
		{4D915392-48DE-09AA-6EEB-CBEBE6FC48C8}.Debug|Any CPU.ActiveCfg = Debug|Any CPU
		{4D915392-48DE-09AA-6EEB-CBEBE6FC48C8}.Debug|Any CPU.Build.0 = Debug|Any CPU
		{4D915392-48DE-09AA-6EEB-CBEBE6FC48C8}.Release|Any CPU.ActiveCfg = Release|Any CPU
		{4D915392-48DE-09AA-6EEB-CBEBE6FC48C8}.Release|Any CPU.Build.0 = Release|Any CPU
		{6CC5CD79-1620-6290-CF83-A32246055475}.Debug|Any CPU.ActiveCfg = Debug|Any CPU
		{6CC5CD79-1620-6290-CF83-A32246055475}.Debug|Any CPU.Build.0 = Debug|Any CPU
		{6CC5CD79-1620-6290-CF83-A32246055475}.Release|Any CPU.ActiveCfg = Release|Any CPU
		{6CC5CD79-1620-6290-CF83-A32246055475}.Release|Any CPU.Build.0 = Release|Any CPU
		{5E6FFE50-3C35-4DD5-8A50-BA1F805B2C81}.Debug|Any CPU.ActiveCfg = Debug|Any CPU
		{5E6FFE50-3C35-4DD5-8A50-BA1F805B2C81}.Debug|Any CPU.Build.0 = Debug|Any CPU
		{5E6FFE50-3C35-4DD5-8A50-BA1F805B2C81}.Release|Any CPU.ActiveCfg = Release|Any CPU
		{5E6FFE50-3C35-4DD5-8A50-BA1F805B2C81}.Release|Any CPU.Build.0 = Release|Any CPU
		{0856742A-A676-423D-A4B0-39C0B834B4A5}.Debug|Any CPU.ActiveCfg = Debug|Any CPU
		{0856742A-A676-423D-A4B0-39C0B834B4A5}.Debug|Any CPU.Build.0 = Debug|Any CPU
		{0856742A-A676-423D-A4B0-39C0B834B4A5}.Release|Any CPU.ActiveCfg = Release|Any CPU
		{0856742A-A676-423D-A4B0-39C0B834B4A5}.Release|Any CPU.Build.0 = Release|Any CPU
		{25D91197-9350-9032-A39B-6FB9D382DF00}.Debug|Any CPU.ActiveCfg = Debug|Any CPU
		{25D91197-9350-9032-A39B-6FB9D382DF00}.Debug|Any CPU.Build.0 = Debug|Any CPU
		{25D91197-9350-9032-A39B-6FB9D382DF00}.Release|Any CPU.ActiveCfg = Release|Any CPU
		{25D91197-9350-9032-A39B-6FB9D382DF00}.Release|Any CPU.Build.0 = Release|Any CPU
		{D29C8911-6940-F365-E021-6C94021F945D}.Debug|Any CPU.ActiveCfg = Debug|Any CPU
		{D29C8911-6940-F365-E021-6C94021F945D}.Debug|Any CPU.Build.0 = Debug|Any CPU
		{D29C8911-6940-F365-E021-6C94021F945D}.Release|Any CPU.ActiveCfg = Release|Any CPU
		{D29C8911-6940-F365-E021-6C94021F945D}.Release|Any CPU.Build.0 = Release|Any CPU
		{5B9C4492-F7B4-9316-3967-3F3794CCA531}.Debug|Any CPU.ActiveCfg = Debug|Any CPU
		{5B9C4492-F7B4-9316-3967-3F3794CCA531}.Debug|Any CPU.Build.0 = Debug|Any CPU
		{5B9C4492-F7B4-9316-3967-3F3794CCA531}.Release|Any CPU.ActiveCfg = Release|Any CPU
		{5B9C4492-F7B4-9316-3967-3F3794CCA531}.Release|Any CPU.Build.0 = Release|Any CPU
		{38CBEE30-6325-D357-CB18-767013451394}.Debug|Any CPU.ActiveCfg = Debug|Any CPU
		{38CBEE30-6325-D357-CB18-767013451394}.Debug|Any CPU.Build.0 = Debug|Any CPU
		{38CBEE30-6325-D357-CB18-767013451394}.Release|Any CPU.ActiveCfg = Release|Any CPU
		{38CBEE30-6325-D357-CB18-767013451394}.Release|Any CPU.Build.0 = Release|Any CPU
		{A913A703-7A06-782F-8048-BCFF8DF6BE59}.Debug|Any CPU.ActiveCfg = Debug|Any CPU
		{A913A703-7A06-782F-8048-BCFF8DF6BE59}.Debug|Any CPU.Build.0 = Debug|Any CPU
		{A913A703-7A06-782F-8048-BCFF8DF6BE59}.Release|Any CPU.ActiveCfg = Release|Any CPU
		{A913A703-7A06-782F-8048-BCFF8DF6BE59}.Release|Any CPU.Build.0 = Release|Any CPU
		{F8CA13B5-FF6C-D828-C07C-257D0629C540}.Debug|Any CPU.ActiveCfg = Debug|Any CPU
		{F8CA13B5-FF6C-D828-C07C-257D0629C540}.Debug|Any CPU.Build.0 = Debug|Any CPU
		{F8CA13B5-FF6C-D828-C07C-257D0629C540}.Release|Any CPU.ActiveCfg = Release|Any CPU
		{F8CA13B5-FF6C-D828-C07C-257D0629C540}.Release|Any CPU.Build.0 = Release|Any CPU
		{AB058F58-F541-8466-EA0E-059803C6AB13}.Debug|Any CPU.ActiveCfg = Debug|Any CPU
		{AB058F58-F541-8466-EA0E-059803C6AB13}.Debug|Any CPU.Build.0 = Debug|Any CPU
		{AB058F58-F541-8466-EA0E-059803C6AB13}.Release|Any CPU.ActiveCfg = Release|Any CPU
		{AB058F58-F541-8466-EA0E-059803C6AB13}.Release|Any CPU.Build.0 = Release|Any CPU
		{4DA31389-5488-4EB0-916A-F93FCA815C70}.Debug|Any CPU.ActiveCfg = Debug|Any CPU
		{4DA31389-5488-4EB0-916A-F93FCA815C70}.Debug|Any CPU.Build.0 = Debug|Any CPU
		{4DA31389-5488-4EB0-916A-F93FCA815C70}.Release|Any CPU.ActiveCfg = Release|Any CPU
		{4DA31389-5488-4EB0-916A-F93FCA815C70}.Release|Any CPU.Build.0 = Release|Any CPU
		{98822BBB-287E-14B6-588C-465E5103D3AE}.Debug|Any CPU.ActiveCfg = Debug|Any CPU
		{98822BBB-287E-14B6-588C-465E5103D3AE}.Debug|Any CPU.Build.0 = Debug|Any CPU
		{98822BBB-287E-14B6-588C-465E5103D3AE}.Release|Any CPU.ActiveCfg = Release|Any CPU
		{98822BBB-287E-14B6-588C-465E5103D3AE}.Release|Any CPU.Build.0 = Release|Any CPU
		{AE0930BF-29F9-1141-7FB1-2F4AA2CA6482}.Debug|Any CPU.ActiveCfg = Debug|Any CPU
		{AE0930BF-29F9-1141-7FB1-2F4AA2CA6482}.Debug|Any CPU.Build.0 = Debug|Any CPU
		{AE0930BF-29F9-1141-7FB1-2F4AA2CA6482}.Release|Any CPU.ActiveCfg = Release|Any CPU
		{AE0930BF-29F9-1141-7FB1-2F4AA2CA6482}.Release|Any CPU.Build.0 = Release|Any CPU
		{D205D41C-D4D0-40A6-E640-976C521551EE}.Debug|Any CPU.ActiveCfg = Debug|Any CPU
		{D205D41C-D4D0-40A6-E640-976C521551EE}.Debug|Any CPU.Build.0 = Debug|Any CPU
		{D205D41C-D4D0-40A6-E640-976C521551EE}.Release|Any CPU.ActiveCfg = Release|Any CPU
		{D205D41C-D4D0-40A6-E640-976C521551EE}.Release|Any CPU.Build.0 = Release|Any CPU
		{1D1B0D5B-DA7C-4D54-9722-AEF63D1D10FB}.Debug|Any CPU.ActiveCfg = Debug|Any CPU
		{1D1B0D5B-DA7C-4D54-9722-AEF63D1D10FB}.Debug|Any CPU.Build.0 = Debug|Any CPU
		{1D1B0D5B-DA7C-4D54-9722-AEF63D1D10FB}.Release|Any CPU.ActiveCfg = Release|Any CPU
		{1D1B0D5B-DA7C-4D54-9722-AEF63D1D10FB}.Release|Any CPU.Build.0 = Release|Any CPU
		{BD48EF85-72CB-4800-8F77-43496E9E5687}.Debug|Any CPU.ActiveCfg = Debug|Any CPU
		{BD48EF85-72CB-4800-8F77-43496E9E5687}.Debug|Any CPU.Build.0 = Debug|Any CPU
		{BD48EF85-72CB-4800-8F77-43496E9E5687}.Release|Any CPU.ActiveCfg = Release|Any CPU
		{BD48EF85-72CB-4800-8F77-43496E9E5687}.Release|Any CPU.Build.0 = Release|Any CPU
		{862C4111-E640-4B78-A962-DC09FAC4F67E}.Debug|Any CPU.ActiveCfg = Debug|Any CPU
		{862C4111-E640-4B78-A962-DC09FAC4F67E}.Debug|Any CPU.Build.0 = Debug|Any CPU
		{862C4111-E640-4B78-A962-DC09FAC4F67E}.Release|Any CPU.ActiveCfg = Release|Any CPU
		{862C4111-E640-4B78-A962-DC09FAC4F67E}.Release|Any CPU.Build.0 = Release|Any CPU
		{96B7FB52-78E0-4465-A50F-5B8E42EE1BC9}.Debug|Any CPU.ActiveCfg = Debug|Any CPU
		{96B7FB52-78E0-4465-A50F-5B8E42EE1BC9}.Debug|Any CPU.Build.0 = Debug|Any CPU
		{96B7FB52-78E0-4465-A50F-5B8E42EE1BC9}.Release|Any CPU.ActiveCfg = Release|Any CPU
		{96B7FB52-78E0-4465-A50F-5B8E42EE1BC9}.Release|Any CPU.Build.0 = Release|Any CPU
		{A6989DF8-D634-48A5-99DF-9640A8620022}.Debug|Any CPU.ActiveCfg = Debug|Any CPU
		{A6989DF8-D634-48A5-99DF-9640A8620022}.Debug|Any CPU.Build.0 = Debug|Any CPU
		{A6989DF8-D634-48A5-99DF-9640A8620022}.Release|Any CPU.ActiveCfg = Release|Any CPU
		{A6989DF8-D634-48A5-99DF-9640A8620022}.Release|Any CPU.Build.0 = Release|Any CPU
		{7B303DF8-99F1-4EF8-A9BC-2C4D714D7442}.Debug|Any CPU.ActiveCfg = Debug|Any CPU
		{7B303DF8-99F1-4EF8-A9BC-2C4D714D7442}.Debug|Any CPU.Build.0 = Debug|Any CPU
		{7B303DF8-99F1-4EF8-A9BC-2C4D714D7442}.Release|Any CPU.ActiveCfg = Release|Any CPU
		{7B303DF8-99F1-4EF8-A9BC-2C4D714D7442}.Release|Any CPU.Build.0 = Release|Any CPU
		{D6129179-4BD9-4DBF-989D-2758950C4C9D}.Debug|Any CPU.ActiveCfg = Debug|Any CPU
		{D6129179-4BD9-4DBF-989D-2758950C4C9D}.Debug|Any CPU.Build.0 = Debug|Any CPU
		{D6129179-4BD9-4DBF-989D-2758950C4C9D}.Release|Any CPU.ActiveCfg = Release|Any CPU
		{D6129179-4BD9-4DBF-989D-2758950C4C9D}.Release|Any CPU.Build.0 = Release|Any CPU
		{34F2F3CA-59C1-47CC-9D79-E97B06292985}.Debug|Any CPU.ActiveCfg = Debug|Any CPU
		{34F2F3CA-59C1-47CC-9D79-E97B06292985}.Debug|Any CPU.Build.0 = Debug|Any CPU
		{34F2F3CA-59C1-47CC-9D79-E97B06292985}.Release|Any CPU.ActiveCfg = Release|Any CPU
		{34F2F3CA-59C1-47CC-9D79-E97B06292985}.Release|Any CPU.Build.0 = Release|Any CPU
	EndGlobalSection
	GlobalSection(SolutionProperties) = preSolution
		HideSolutionNode = FALSE
	EndGlobalSection
	GlobalSection(NestedProjects) = preSolution
		{34E16A3B-620C-4FFE-994E-8BAEAC9B29CF} = {02EA681E-C7D8-13C7-8484-4AC65E1B71E8}
		{C2C52830-3FFA-4656-97A2-5CC0D0D50F61} = {02EA681E-C7D8-13C7-8484-4AC65E1B71E8}
		{43C951B2-57D2-48B2-BE2F-2D1306F8CA44} = {02EA681E-C7D8-13C7-8484-4AC65E1B71E8}
		{3D42961C-11D3-9953-70C3-23E54150FEC6} = {02EA681E-C7D8-13C7-8484-4AC65E1B71E8}
		{DDBC01F9-F4B3-45C2-A268-D5DDF82C7868} = {02EA681E-C7D8-13C7-8484-4AC65E1B71E8}
		{23ED4DE2-6F76-43F9-BF15-075FC6A8C9DB} = {02EA681E-C7D8-13C7-8484-4AC65E1B71E8}
		{4D915392-48DE-09AA-6EEB-CBEBE6FC48C8} = {02EA681E-C7D8-13C7-8484-4AC65E1B71E8}
		{6CC5CD79-1620-6290-CF83-A32246055475} = {02EA681E-C7D8-13C7-8484-4AC65E1B71E8}
		{5E6FFE50-3C35-4DD5-8A50-BA1F805B2C81} = {02EA681E-C7D8-13C7-8484-4AC65E1B71E8}
		{0856742A-A676-423D-A4B0-39C0B834B4A5} = {02EA681E-C7D8-13C7-8484-4AC65E1B71E8}
		{25D91197-9350-9032-A39B-6FB9D382DF00} = {ED1B4A12-3821-4623-8E26-216E281AAE81}
		{D29C8911-6940-F365-E021-6C94021F945D} = {ED1B4A12-3821-4623-8E26-216E281AAE81}
		{5B9C4492-F7B4-9316-3967-3F3794CCA531} = {ED1B4A12-3821-4623-8E26-216E281AAE81}
		{38CBEE30-6325-D357-CB18-767013451394} = {ED1B4A12-3821-4623-8E26-216E281AAE81}
		{A913A703-7A06-782F-8048-BCFF8DF6BE59} = {ED1B4A12-3821-4623-8E26-216E281AAE81}
		{F8CA13B5-FF6C-D828-C07C-257D0629C540} = {ED1B4A12-3821-4623-8E26-216E281AAE81}
		{AB058F58-F541-8466-EA0E-059803C6AB13} = {ED1B4A12-3821-4623-8E26-216E281AAE81}
		{4DA31389-5488-4EB0-916A-F93FCA815C70} = {ED1B4A12-3821-4623-8E26-216E281AAE81}
		{98822BBB-287E-14B6-588C-465E5103D3AE} = {ED1B4A12-3821-4623-8E26-216E281AAE81}
		{AE0930BF-29F9-1141-7FB1-2F4AA2CA6482} = {ED1B4A12-3821-4623-8E26-216E281AAE81}
		{D205D41C-D4D0-40A6-E640-976C521551EE} = {ED1B4A12-3821-4623-8E26-216E281AAE81}
		{1D1B0D5B-DA7C-4D54-9722-AEF63D1D10FB} = {02EA681E-C7D8-13C7-8484-4AC65E1B71E8}
		{BD48EF85-72CB-4800-8F77-43496E9E5687} = {02EA681E-C7D8-13C7-8484-4AC65E1B71E8}
		{862C4111-E640-4B78-A962-DC09FAC4F67E} = {02EA681E-C7D8-13C7-8484-4AC65E1B71E8}
		{96B7FB52-78E0-4465-A50F-5B8E42EE1BC9} = {02EA681E-C7D8-13C7-8484-4AC65E1B71E8}
		{A6989DF8-D634-48A5-99DF-9640A8620022} = {02EA681E-C7D8-13C7-8484-4AC65E1B71E8}
		{7B303DF8-99F1-4EF8-A9BC-2C4D714D7442} = {02EA681E-C7D8-13C7-8484-4AC65E1B71E8}
		{D6129179-4BD9-4DBF-989D-2758950C4C9D} = {02EA681E-C7D8-13C7-8484-4AC65E1B71E8}
		{34F2F3CA-59C1-47CC-9D79-E97B06292985} = {02EA681E-C7D8-13C7-8484-4AC65E1B71E8}
	EndGlobalSection
	GlobalSection(ExtensibilityGlobals) = postSolution
		SolutionGuid = {77B1572C-0024-4785-8668-BCD17D7A29EF}
	EndGlobalSection
EndGlobal
