
Microsoft Visual Studio Solution File, Format Version 12.00
# Visual Studio Version 18
VisualStudioVersion = 18.1.11312.151
MinimumVisualStudioVersion = 10.0.40219.1
Project("{FAE04EC0-301F-11D3-BF4B-00C04F79EFBC}") = "Yuanji.core", "..\Yuanji.core\Yuanji.core.csproj", "{3D42961C-11D3-9953-70C3-23E54150FEC6}"
EndProject
Project("{FAE04EC0-301F-11D3-BF4B-00C04F79EFBC}") = "Yuanji.Manage", "..\Yuanji.Manage\Yuanji.Manage.csproj", "{DDBC01F9-F4B3-45C2-A268-D5DDF82C7868}"
EndProject
Project("{FAE04EC0-301F-11D3-BF4B-00C04F79EFBC}") = "YS.Yuanji.Start", "..\YS.Yuanji.Start\YS.Yuanji.Start.csproj", "{23ED4DE2-6F76-43F9-BF15-075FC6A8C9DB}"
EndProject
Project("{FAE04EC0-301F-11D3-BF4B-00C04F79EFBC}") = "YS.Yuanji.WPF", "YS.Yuanji.WPF.csproj", "{5E6FFE50-3C35-4DD5-8A50-BA1F805B2C81}"
EndProject
Project("{FAE04EC0-301F-11D3-BF4B-00C04F79EFBC}") = "YS.Yuanji.Start.Service", "..\YS.Yuanji.Start.Service\YS.Yuanji.Start.Service.csproj", "{0856742A-A676-423D-A4B0-39C0B834B4A5}"
EndProject
Project("{2150E333-8FDC-42A3-9474-1A3956D46DE8}") = "非标准协议", "非标准协议", "{02EA681E-C7D8-13C7-8484-4AC65E1B71E8}"
EndProject
Project("{FAE04EC0-301F-11D3-BF4B-00C04F79EFBC}") = "YS.DataBase.Oracle", "..\YS.DataBase.Oracle\YS.DataBase.Oracle.csproj", "{1D1B0D5B-DA7C-4D54-9722-AEF63D1D10FB}"
EndProject
Project("{FAE04EC0-301F-11D3-BF4B-00C04F79EFBC}") = "YS.DataBase.MySQL", "..\YS.DataBase.MySQL\YS.DataBase.MySQL.csproj", "{2E3C4A5B-6F7D-8E9A-0B1C-2D3E4F5A6B7C}"
EndProject
Project("{FAE04EC0-301F-11D3-BF4B-00C04F79EFBC}") = "YS.Yuanji.Drive", "..\YS.Yuanji.Drive\YS.Yuanji.Drive.csproj", "{BD48EF85-72CB-4800-8F77-43496E9E5687}"
EndProject
Project("{FAE04EC0-301F-11D3-BF4B-00C04F79EFBC}") = "YS.Yuanji.Mqtt", "..\YS.Yuanji.Mqtt\YS.Yuanji.Mqtt.csproj", "{862C4111-E640-4B78-A962-DC09FAC4F67E}"
EndProject
Project("{FAE04EC0-301F-11D3-BF4B-00C04F79EFBC}") = "YS.Yuanji.Log", "..\YS.Yuanji.Log\YS.Yuanji.Log.csproj", "{96B7FB52-78E0-4465-A50F-5B8E42EE1BC9}"
EndProject
Project("{FAE04EC0-301F-11D3-BF4B-00C04F79EFBC}") = "YS.Yuanji.Commom", "..\YS.Yuanji.Commom\YS.Yuanji.Commom.csproj", "{A6989DF8-D634-48A5-99DF-9640A8620022}"
EndProject
Project("{FAE04EC0-301F-11D3-BF4B-00C04F79EFBC}") = "YS.PLC.BeckHoff", "..\YS.PLC.BeckHoff\YS.PLC.BeckHoff.csproj", "{7B303DF8-99F1-4EF8-A9BC-2C4D714D7442}"
EndProject
Project("{FAE04EC0-301F-11D3-BF4B-00C04F79EFBC}") = "YS.PLC.ModbusServer", "..\YS.PLC.ModbusServer\YS.PLC.ModbusServer.csproj", "{D6129179-4BD9-4DBF-989D-2758950C4C9D}"
EndProject
Project("{FAE04EC0-301F-11D3-BF4B-00C04F79EFBC}") = "YS.ShareFile.Picture", "..\YS.ShareFile.Picture\YS.ShareFile.Picture.csproj", "{34F2F3CA-59C1-47CC-9D79-E97B06292985}"
EndProject
Global
	GlobalSection(SolutionConfigurationPlatforms) = preSolution
		Debug|Any CPU = Debug|Any CPU
		Release|Any CPU = Release|Any CPU
	EndGlobalSection
	GlobalSection(ProjectConfigurationPlatforms) = postSolution
		{3D42961C-11D3-9953-70C3-23E54150FEC6}.Debug|Any CPU.ActiveCfg = Debug|Any CPU
		{3D42961C-11D3-9953-70C3-23E54150FEC6}.Debug|Any CPU.Build.0 = Debug|Any CPU
		{3D42961C-11D3-9953-70C3-23E54150FEC6}.Release|Any CPU.ActiveCfg = Release|Any CPU
		{3D42961C-11D3-9953-70C3-23E54150FEC6}.Release|Any CPU.Build.0 = Release|Any CPU
		{DDBC01F9-F4B3-45C2-A268-D5DDF82C7868}.Debug|Any CPU.ActiveCfg = Debug|Any CPU
		{DDBC01F9-F4B3-45C2-A268-D5DDF82C7868}.Debug|Any CPU.Build.0 = Debug|Any CPU
		{DDBC01F9-F4B3-45C2-A268-D5DDF82C7868}.Release|Any CPU.ActiveCfg = Release|Any CPU
		{DDBC01F9-F4B3-45C2-A268-D5DDF82C7868}.Release|Any CPU.Build.0 = Release|Any CPU
		{23ED4DE2-6F76-43F9-BF15-075FC6A8C9DB}.Debug|Any CPU.ActiveCfg = Debug|Any CPU
		{23ED4DE2-6F76-43F9-BF15-075FC6A8C9DB}.Debug|Any CPU.Build.0 = Debug|Any CPU
		{23ED4DE2-6F76-43F9-BF15-075FC6A8C9DB}.Release|Any CPU.ActiveCfg = Release|Any CPU
		{23ED4DE2-6F76-43F9-BF15-075FC6A8C9DB}.Release|Any CPU.Build.0 = Release|Any CPU
		{5E6FFE50-3C35-4DD5-8A50-BA1F805B2C81}.Debug|Any CPU.ActiveCfg = Debug|Any CPU
		{5E6FFE50-3C35-4DD5-8A50-BA1F805B2C81}.Debug|Any CPU.Build.0 = Debug|Any CPU
		{5E6FFE50-3C35-4DD5-8A50-BA1F805B2C81}.Release|Any CPU.ActiveCfg = Release|Any CPU
		{5E6FFE50-3C35-4DD5-8A50-BA1F805B2C81}.Release|Any CPU.Build.0 = Release|Any CPU
		{0856742A-A676-423D-A4B0-39C0B834B4A5}.Debug|Any CPU.ActiveCfg = Debug|Any CPU
		{0856742A-A676-423D-A4B0-39C0B834B4A5}.Debug|Any CPU.Build.0 = Debug|Any CPU
		{0856742A-A676-423D-A4B0-39C0B834B4A5}.Release|Any CPU.ActiveCfg = Release|Any CPU
		{0856742A-A676-423D-A4B0-39C0B834B4A5}.Release|Any CPU.Build.0 = Release|Any CPU
		{1D1B0D5B-DA7C-4D54-9722-AEF63D1D10FB}.Debug|Any CPU.ActiveCfg = Debug|Any CPU
		{1D1B0D5B-DA7C-4D54-9722-AEF63D1D10FB}.Debug|Any CPU.Build.0 = Debug|Any CPU
		{1D1B0D5B-DA7C-4D54-9722-AEF63D1D10FB}.Release|Any CPU.ActiveCfg = Release|Any CPU
		{1D1B0D5B-DA7C-4D54-9722-AEF63D1D10FB}.Release|Any CPU.Build.0 = Release|Any CPU
		{2E3C4A5B-6F7D-8E9A-0B1C-2D3E4F5A6B7C}.Debug|Any CPU.ActiveCfg = Debug|Any CPU
		{2E3C4A5B-6F7D-8E9A-0B1C-2D3E4F5A6B7C}.Debug|Any CPU.Build.0 = Debug|Any CPU
		{2E3C4A5B-6F7D-8E9A-0B1C-2D3E4F5A6B7C}.Release|Any CPU.ActiveCfg = Release|Any CPU
		{2E3C4A5B-6F7D-8E9A-0B1C-2D3E4F5A6B7C}.Release|Any CPU.Build.0 = Release|Any CPU
		{BD48EF85-72CB-4800-8F77-43496E9E5687}.Debug|Any CPU.ActiveCfg = Debug|Any CPU
		{BD48EF85-72CB-4800-8F77-43496E9E5687}.Debug|Any CPU.Build.0 = Debug|Any CPU
		{BD48EF85-72CB-4800-8F77-43496E9E5687}.Release|Any CPU.ActiveCfg = Release|Any CPU
		{BD48EF85-72CB-4800-8F77-43496E9E5687}.Release|Any CPU.Build.0 = Release|Any CPU
		{862C4111-E640-4B78-A962-DC09FAC4F67E}.Debug|Any CPU.ActiveCfg = Debug|Any CPU
		{862C4111-E640-4B78-A962-DC09FAC4F67E}.Debug|Any CPU.Build.0 = Debug|Any CPU
		{862C4111-E640-4B78-A962-DC09FAC4F67E}.Release|Any CPU.ActiveCfg = Release|Any CPU
		{862C4111-E640-4B78-A962-DC09FAC4F67E}.Release|Any CPU.Build.0 = Release|Any CPU
		{96B7FB52-78E0-4465-A50F-5B8E42EE1BC9}.Debug|Any CPU.ActiveCfg = Debug|Any CPU
		{96B7FB52-78E0-4465-A50F-5B8E42EE1BC9}.Debug|Any CPU.Build.0 = Debug|Any CPU
		{96B7FB52-78E0-4465-A50F-5B8E42EE1BC9}.Release|Any CPU.ActiveCfg = Release|Any CPU
		{96B7FB52-78E0-4465-A50F-5B8E42EE1BC9}.Release|Any CPU.Build.0 = Release|Any CPU
		{A6989DF8-D634-48A5-99DF-9640A8620022}.Debug|Any CPU.ActiveCfg = Debug|Any CPU
		{A6989DF8-D634-48A5-99DF-9640A8620022}.Debug|Any CPU.Build.0 = Debug|Any CPU
		{A6989DF8-D634-48A5-99DF-9640A8620022}.Release|Any CPU.ActiveCfg = Release|Any CPU
		{A6989DF8-D634-48A5-99DF-9640A8620022}.Release|Any CPU.Build.0 = Release|Any CPU
		{7B303DF8-99F1-4EF8-A9BC-2C4D714D7442}.Debug|Any CPU.ActiveCfg = Debug|Any CPU
		{7B303DF8-99F1-4EF8-A9BC-2C4D714D7442}.Debug|Any CPU.Build.0 = Debug|Any CPU
		{7B303DF8-99F1-4EF8-A9BC-2C4D714D7442}.Release|Any CPU.ActiveCfg = Release|Any CPU
		{7B303DF8-99F1-4EF8-A9BC-2C4D714D7442}.Release|Any CPU.Build.0 = Release|Any CPU
		{D6129179-4BD9-4DBF-989D-2758950C4C9D}.Debug|Any CPU.ActiveCfg = Debug|Any CPU
		{D6129179-4BD9-4DBF-989D-2758950C4C9D}.Debug|Any CPU.Build.0 = Debug|Any CPU
		{D6129179-4BD9-4DBF-989D-2758950C4C9D}.Release|Any CPU.ActiveCfg = Release|Any CPU
		{D6129179-4BD9-4DBF-989D-2758950C4C9D}.Release|Any CPU.Build.0 = Release|Any CPU
		{34F2F3CA-59C1-47CC-9D79-E97B06292985}.Debug|Any CPU.ActiveCfg = Debug|Any CPU
		{34F2F3CA-59C1-47CC-9D79-E97B06292985}.Debug|Any CPU.Build.0 = Debug|Any CPU
		{34F2F3CA-59C1-47CC-9D79-E97B06292985}.Release|Any CPU.ActiveCfg = Release|Any CPU
		{34F2F3CA-59C1-47CC-9D79-E97B06292985}.Release|Any CPU.Build.0 = Release|Any CPU
	EndGlobalSection
	GlobalSection(SolutionProperties) = preSolution
		HideSolutionNode = FALSE
	EndGlobalSection
	GlobalSection(NestedProjects) = preSolution
		{3D42961C-11D3-9953-70C3-23E54150FEC6} = {02EA681E-C7D8-13C7-8484-4AC65E1B71E8}
		{DDBC01F9-F4B3-45C2-A268-D5DDF82C7868} = {02EA681E-C7D8-13C7-8484-4AC65E1B71E8}
		{23ED4DE2-6F76-43F9-BF15-075FC6A8C9DB} = {02EA681E-C7D8-13C7-8484-4AC65E1B71E8}
		{5E6FFE50-3C35-4DD5-8A50-BA1F805B2C81} = {02EA681E-C7D8-13C7-8484-4AC65E1B71E8}
		{0856742A-A676-423D-A4B0-39C0B834B4A5} = {02EA681E-C7D8-13C7-8484-4AC65E1B71E8}
		{1D1B0D5B-DA7C-4D54-9722-AEF63D1D10FB} = {02EA681E-C7D8-13C7-8484-4AC65E1B71E8}
		{2E3C4A5B-6F7D-8E9A-0B1C-2D3E4F5A6B7C} = {02EA681E-C7D8-13C7-8484-4AC65E1B71E8}
		{BD48EF85-72CB-4800-8F77-43496E9E5687} = {02EA681E-C7D8-13C7-8484-4AC65E1B71E8}
		{862C4111-E640-4B78-A962-DC09FAC4F67E} = {02EA681E-C7D8-13C7-8484-4AC65E1B71E8}
		{96B7FB52-78E0-4465-A50F-5B8E42EE1BC9} = {02EA681E-C7D8-13C7-8484-4AC65E1B71E8}
		{A6989DF8-D634-48A5-99DF-9640A8620022} = {02EA681E-C7D8-13C7-8484-4AC65E1B71E8}
		{7B303DF8-99F1-4EF8-A9BC-2C4D714D7442} = {02EA681E-C7D8-13C7-8484-4AC65E1B71E8}
		{D6129179-4BD9-4DBF-989D-2758950C4C9D} = {02EA681E-C7D8-13C7-8484-4AC65E1B71E8}
		{34F2F3CA-59C1-47CC-9D79-E97B06292985} = {02EA681E-C7D8-13C7-8484-4AC65E1B71E8}
	EndGlobalSection
	GlobalSection(ExtensibilityGlobals) = postSolution
		SolutionGuid = {77B1572C-0024-4785-8668-BCD17D7A29EF}
	EndGlobalSection
EndGlobal
